// !$*UTF8*$!
{
	archiveVersion = 1;
	classes = {
	};
	objectVersion = 56;
	objects = {

/* Begin PBXBuildFile section */
		BF14CF462A1648B600737961 /* MainView.swift in Sources */ = {isa = PBXBuildFile; fileRef = BF14CF452A1648B600737961 /* MainView.swift */; };
		BF14CF482A1649C200737961 /* ArbuzModel.swift in Sources */ = {isa = PBXBuildFile; fileRef = BF14CF472A1649C200737961 /* ArbuzModel.swift */; };
		BF14CF4A2A164C3F00737961 /* ChoiceSub.swift in Sources */ = {isa = PBXBuildFile; fileRef = BF14CF492A164C3F00737961 /* ChoiceSub.swift */; };
		BF14CF4C2A1650E400737961 /* BasketView.swift in Sources */ = {isa = PBXBuildFile; fileRef = BF14CF4B2A1650E400737961 /* BasketView.swift */; };
		BF14CF4E2A1651ED00737961 /* SwitchView.swift in Sources */ = {isa = PBXBuildFile; fileRef = BF14CF4D2A1651ED00737961 /* SwitchView.swift */; };
		BF14CF902A1B979E00737961 /* ItemListView.swift in Sources */ = {isa = PBXBuildFile; fileRef = BF14CF8F2A1B979E00737961 /* ItemListView.swift */; };
		BF14CF922A1BFADE00737961 /* RecommendedItem.swift in Sources */ = {isa = PBXBuildFile; fileRef = BF14CF912A1BFADE00737961 /* RecommendedItem.swift */; };
		BF5A37DC2A1624C4001A3C27 /* Arbuz_HMApp.swift in Sources */ = {isa = PBXBuildFile; fileRef = BF5A37DB2A1624C4001A3C27 /* Arbuz_HMApp.swift */; };
		BF5A37DE2A1624C4001A3C27 /* SubscriptionView.swift in Sources */ = {isa = PBXBuildFile; fileRef = BF5A37DD2A1624C4001A3C27 /* SubscriptionView.swift */; };
		BF5A37E02A1624C7001A3C27 /* Assets.xcassets in Resources */ = {isa = PBXBuildFile; fileRef = BF5A37DF2A1624C7001A3C27 /* Assets.xcassets */; };
		BF5A37E32A1624C7001A3C27 /* Preview Assets.xcassets in Resources */ = {isa = PBXBuildFile; fileRef = BF5A37E22A1624C7001A3C27 /* Preview Assets.xcassets */; };
		BF5A37ED2A1624C7001A3C27 /* Arbuz_HMTests.swift in Sources */ = {isa = PBXBuildFile; fileRef = BF5A37EC2A1624C7001A3C27 /* Arbuz_HMTests.swift */; };
		BF5A37F72A1624C7001A3C27 /* Arbuz_HMUITests.swift in Sources */ = {isa = PBXBuildFile; fileRef = BF5A37F62A1624C7001A3C27 /* Arbuz_HMUITests.swift */; };
		BF5A37F92A1624C7001A3C27 /* Arbuz_HMUITestsLaunchTests.swift in Sources */ = {isa = PBXBuildFile; fileRef = BF5A37F82A1624C7001A3C27 /* Arbuz_HMUITestsLaunchTests.swift */; };
/* End PBXBuildFile section */

/* Begin PBXContainerItemProxy section */
		BF5A37E92A1624C7001A3C27 /* PBXContainerItemProxy */ = {
			isa = PBXContainerItemProxy;
			containerPortal = BF5A37D02A1624C4001A3C27 /* Project object */;
			proxyType = 1;
			remoteGlobalIDString = BF5A37D72A1624C4001A3C27;
			remoteInfo = Arbuz_HM;
		};
		BF5A37F32A1624C7001A3C27 /* PBXContainerItemProxy */ = {
			isa = PBXContainerItemProxy;
			containerPortal = BF5A37D02A1624C4001A3C27 /* Project object */;
			proxyType = 1;
			remoteGlobalIDString = BF5A37D72A1624C4001A3C27;
			remoteInfo = Arbuz_HM;
		};
/* End PBXContainerItemProxy section */

/* Begin PBXFileReference section */
		BF14CF452A1648B600737961 /* MainView.swift */ = {isa = PBXFileReference; lastKnownFileType = sourcecode.swift; path = MainView.swift; sourceTree = "<group>"; };
		BF14CF472A1649C200737961 /* ArbuzModel.swift */ = {isa = PBXFileReference; lastKnownFileType = sourcecode.swift; path = ArbuzModel.swift; sourceTree = "<group>"; };
		BF14CF492A164C3F00737961 /* ChoiceSub.swift */ = {isa = PBXFileReference; lastKnownFileType = sourcecode.swift; path = ChoiceSub.swift; sourceTree = "<group>"; };
		BF14CF4B2A1650E400737961 /* BasketView.swift */ = {isa = PBXFileReference; lastKnownFileType = sourcecode.swift; path = BasketView.swift; sourceTree = "<group>"; };
		BF14CF4D2A1651ED00737961 /* SwitchView.swift */ = {isa = PBXFileReference; lastKnownFileType = sourcecode.swift; path = SwitchView.swift; sourceTree = "<group>"; };
		BF14CF8F2A1B979E00737961 /* ItemListView.swift */ = {isa = PBXFileReference; lastKnownFileType = sourcecode.swift; path = ItemListView.swift; sourceTree = "<group>"; };
		BF14CF912A1BFADE00737961 /* RecommendedItem.swift */ = {isa = PBXFileReference; lastKnownFileType = sourcecode.swift; path = RecommendedItem.swift; sourceTree = "<group>"; };
		BF5A37D82A1624C4001A3C27 /* Arbuz_HM.app */ = {isa = PBXFileReference; explicitFileType = wrapper.application; includeInIndex = 0; path = Arbuz_HM.app; sourceTree = BUILT_PRODUCTS_DIR; };
		BF5A37DB2A1624C4001A3C27 /* Arbuz_HMApp.swift */ = {isa = PBXFileReference; lastKnownFileType = sourcecode.swift; path = Arbuz_HMApp.swift; sourceTree = "<group>"; };
		BF5A37DD2A1624C4001A3C27 /* SubscriptionView.swift */ = {isa = PBXFileReference; lastKnownFileType = sourcecode.swift; path = SubscriptionView.swift; sourceTree = "<group>"; };
		BF5A37DF2A1624C7001A3C27 /* Assets.xcassets */ = {isa = PBXFileReference; lastKnownFileType = folder.assetcatalog; path = Assets.xcassets; sourceTree = "<group>"; };
		BF5A37E22A1624C7001A3C27 /* Preview Assets.xcassets */ = {isa = PBXFileReference; lastKnownFileType = folder.assetcatalog; path = "Preview Assets.xcassets"; sourceTree = "<group>"; };
		BF5A37E82A1624C7001A3C27 /* Arbuz_HMTests.xctest */ = {isa = PBXFileReference; explicitFileType = wrapper.cfbundle; includeInIndex = 0; path = Arbuz_HMTests.xctest; sourceTree = BUILT_PRODUCTS_DIR; };
		BF5A37EC2A1624C7001A3C27 /* Arbuz_HMTests.swift */ = {isa = PBXFileReference; lastKnownFileType = sourcecode.swift; path = Arbuz_HMTests.swift; sourceTree = "<group>"; };
		BF5A37F22A1624C7001A3C27 /* Arbuz_HMUITests.xctest */ = {isa = PBXFileReference; explicitFileType = wrapper.cfbundle; includeInIndex = 0; path = Arbuz_HMUITests.xctest; sourceTree = BUILT_PRODUCTS_DIR; };
		BF5A37F62A1624C7001A3C27 /* Arbuz_HMUITests.swift */ = {isa = PBXFileReference; lastKnownFileType = sourcecode.swift; path = Arbuz_HMUITests.swift; sourceTree = "<group>"; };
		BF5A37F82A1624C7001A3C27 /* Arbuz_HMUITestsLaunchTests.swift */ = {isa = PBXFileReference; lastKnownFileType = sourcecode.swift; path = Arbuz_HMUITestsLaunchTests.swift; sourceTree = "<group>"; };
/* End PBXFileReference section */

/* Begin PBXFrameworksBuildPhase section */
		BF5A37D52A1624C4001A3C27 /* Frameworks */ = {
			isa = PBXFrameworksBuildPhase;
			buildActionMask = 2147483647;
			files = (
			);
			runOnlyForDeploymentPostprocessing = 0;
		};
		BF5A37E52A1624C7001A3C27 /* Frameworks */ = {
			isa = PBXFrameworksBuildPhase;
			buildActionMask = 2147483647;
			files = (
			);
			runOnlyForDeploymentPostprocessing = 0;
		};
		BF5A37EF2A1624C7001A3C27 /* Frameworks */ = {
			isa = PBXFrameworksBuildPhase;
			buildActionMask = 2147483647;
			files = (
			);
			runOnlyForDeploymentPostprocessing = 0;
		};
/* End PBXFrameworksBuildPhase section */

/* Begin PBXGroup section */
		BF5A37CF2A1624C4001A3C27 = {
			isa = PBXGroup;
			children = (
				BF5A37DA2A1624C4001A3C27 /* Arbuz_HM */,
				BF5A37EB2A1624C7001A3C27 /* Arbuz_HMTests */,
				BF5A37F52A1624C7001A3C27 /* Arbuz_HMUITests */,
				BF5A37D92A1624C4001A3C27 /* Products */,
			);
			sourceTree = "<group>";
		};
		BF5A37D92A1624C4001A3C27 /* Products */ = {
			isa = PBXGroup;
			children = (
				BF5A37D82A1624C4001A3C27 /* Arbuz_HM.app */,
				BF5A37E82A1624C7001A3C27 /* Arbuz_HMTests.xctest */,
				BF5A37F22A1624C7001A3C27 /* Arbuz_HMUITests.xctest */,
			);
			name = Products;
			sourceTree = "<group>";
		};
		BF5A37DA2A1624C4001A3C27 /* Arbuz_HM */ = {
			isa = PBXGroup;
			children = (
				BF5A37DB2A1624C4001A3C27 /* Arbuz_HMApp.swift */,
				BF5A37DD2A1624C4001A3C27 /* SubscriptionView.swift */,
				BF14CF452A1648B600737961 /* MainView.swift */,
				BF14CF4B2A1650E400737961 /* BasketView.swift */,
				BF14CF912A1BFADE00737961 /* RecommendedItem.swift */,
				BF14CF8F2A1B979E00737961 /* ItemListView.swift */,
				BF14CF492A164C3F00737961 /* ChoiceSub.swift */,
				BF14CF472A1649C200737961 /* ArbuzModel.swift */,
				BF14CF4D2A1651ED00737961 /* SwitchView.swift */,
				BF5A37DF2A1624C7001A3C27 /* Assets.xcassets */,
				BF5A37E12A1624C7001A3C27 /* Preview Content */,
			);
			path = Arbuz_HM;
			sourceTree = "<group>";
		};
		BF5A37E12A1624C7001A3C27 /* Preview Content */ = {
			isa = PBXGroup;
			children = (
				BF5A37E22A1624C7001A3C27 /* Preview Assets.xcassets */,
			);
			path = "Preview Content";
			sourceTree = "<group>";
		};
		BF5A37EB2A1624C7001A3C27 /* Arbuz_HMTests */ = {
			isa = PBXGroup;
			children = (
				BF5A37EC2A1624C7001A3C27 /* Arbuz_HMTests.swift */,
			);
			path = Arbuz_HMTests;
			sourceTree = "<group>";
		};
		BF5A37F52A1624C7001A3C27 /* Arbuz_HMUITests */ = {
			isa = PBXGroup;
			children = (
				BF5A37F62A1624C7001A3C27 /* Arbuz_HMUITests.swift */,
				BF5A37F82A1624C7001A3C27 /* Arbuz_HMUITestsLaunchTests.swift */,
			);
			path = Arbuz_HMUITests;
			sourceTree = "<group>";
		};
/* End PBXGroup section */

/* Begin PBXNativeTarget section */
		BF5A37D72A1624C4001A3C27 /* Arbuz_HM */ = {
			isa = PBXNativeTarget;
			buildConfigurationList = BF5A37FC2A1624C7001A3C27 /* Build configuration list for PBXNativeTarget "Arbuz_HM" */;
			buildPhases = (
				BF5A37D42A1624C4001A3C27 /* Sources */,
				BF5A37D52A1624C4001A3C27 /* Frameworks */,
				BF5A37D62A1624C4001A3C27 /* Resources */,
			);
			buildRules = (
			);
			dependencies = (
			);
			name = Arbuz_HM;
			productName = Arbuz_HM;
			productReference = BF5A37D82A1624C4001A3C27 /* Arbuz_HM.app */;
			productType = "com.apple.product-type.application";
		};
		BF5A37E72A1624C7001A3C27 /* Arbuz_HMTests */ = {
			isa = PBXNativeTarget;
			buildConfigurationList = BF5A37FF2A1624C7001A3C27 /* Build configuration list for PBXNativeTarget "Arbuz_HMTests" */;
			buildPhases = (
				BF5A37E42A1624C7001A3C27 /* Sources */,
				BF5A37E52A1624C7001A3C27 /* Frameworks */,
				BF5A37E62A1624C7001A3C27 /* Resources */,
			);
			buildRules = (
			);
			dependencies = (
				BF5A37EA2A1624C7001A3C27 /* PBXTargetDependency */,
			);
			name = Arbuz_HMTests;
			productName = Arbuz_HMTests;
			productReference = BF5A37E82A1624C7001A3C27 /* Arbuz_HMTests.xctest */;
			productType = "com.apple.product-type.bundle.unit-test";
		};
		BF5A37F12A1624C7001A3C27 /* Arbuz_HMUITests */ = {
			isa = PBXNativeTarget;
			buildConfigurationList = BF5A38022A1624C7001A3C27 /* Build configuration list for PBXNativeTarget "Arbuz_HMUITests" */;
			buildPhases = (
				BF5A37EE2A1624C7001A3C27 /* Sources */,
				BF5A37EF2A1624C7001A3C27 /* Frameworks */,
				BF5A37F02A1624C7001A3C27 /* Resources */,
			);
			buildRules = (
			);
			dependencies = (
				BF5A37F42A1624C7001A3C27 /* PBXTargetDependency */,
			);
			name = Arbuz_HMUITests;
			productName = Arbuz_HMUITests;
			productReference = BF5A37F22A1624C7001A3C27 /* Arbuz_HMUITests.xctest */;
			productType = "com.apple.product-type.bundle.ui-testing";
		};
/* End PBXNativeTarget section */

/* Begin PBXProject section */
		BF5A37D02A1624C4001A3C27 /* Project object */ = {
			isa = PBXProject;
			attributes = {
				BuildIndependentTargetsInParallel = 1;
				LastSwiftUpdateCheck = 1420;
				LastUpgradeCheck = 1420;
				TargetAttributes = {
					BF5A37D72A1624C4001A3C27 = {
						CreatedOnToolsVersion = 14.2;
					};
					BF5A37E72A1624C7001A3C27 = {
						CreatedOnToolsVersion = 14.2;
						TestTargetID = BF5A37D72A1624C4001A3C27;
					};
					BF5A37F12A1624C7001A3C27 = {
						CreatedOnToolsVersion = 14.2;
						TestTargetID = BF5A37D72A1624C4001A3C27;
					};
				};
			};
			buildConfigurationList = BF5A37D32A1624C4001A3C27 /* Build configuration list for PBXProject "Arbuz_HM" */;
			compatibilityVersion = "Xcode 14.0";
			developmentRegion = en;
			hasScannedForEncodings = 0;
			knownRegions = (
				en,
				Base,
			);
			mainGroup = BF5A37CF2A1624C4001A3C27;
			productRefGroup = BF5A37D92A1624C4001A3C27 /* Products */;
			projectDirPath = "";
			projectRoot = "";
			targets = (
				BF5A37D72A1624C4001A3C27 /* Arbuz_HM */,
				BF5A37E72A1624C7001A3C27 /* Arbuz_HMTests */,
				BF5A37F12A1624C7001A3C27 /* Arbuz_HMUITests */,
			);
		};
/* End PBXProject section */

/* Begin PBXResourcesBuildPhase section */
		BF5A37D62A1624C4001A3C27 /* Resources */ = {
			isa = PBXResourcesBuildPhase;
			buildActionMask = 2147483647;
			files = (
				BF5A37E32A1624C7001A3C27 /* Preview Assets.xcassets in Resources */,
				BF5A37E02A1624C7001A3C27 /* Assets.xcassets in Resources */,
			);
			runOnlyForDeploymentPostprocessing = 0;
		};
		BF5A37E62A1624C7001A3C27 /* Resources */ = {
			isa = PBXResourcesBuildPhase;
			buildActionMask = 2147483647;
			files = (
			);
			runOnlyForDeploymentPostprocessing = 0;
		};
		BF5A37F02A1624C7001A3C27 /* Resources */ = {
			isa = PBXResourcesBuildPhase;
			buildActionMask = 2147483647;
			files = (
			);
			runOnlyForDeploymentPostprocessing = 0;
		};
/* End PBXResourcesBuildPhase section */

/* Begin PBXSourcesBuildPhase section */
		BF5A37D42A1624C4001A3C27 /* Sources */ = {
			isa = PBXSourcesBuildPhase;
			buildActionMask = 2147483647;
			files = (
				BF14CF4C2A1650E400737961 /* BasketView.swift in Sources */,
				BF14CF482A1649C200737961 /* ArbuzModel.swift in Sources */,
				BF5A37DE2A1624C4001A3C27 /* SubscriptionView.swift in Sources */,
				BF14CF922A1BFADE00737961 /* RecommendedItem.swift in Sources */,
				BF14CF902A1B979E00737961 /* ItemListView.swift in Sources */,
				BF14CF4E2A1651ED00737961 /* SwitchView.swift in Sources */,
				BF14CF462A1648B600737961 /* MainView.swift in Sources */,
				BF14CF4A2A164C3F00737961 /* ChoiceSub.swift in Sources */,
				BF5A37DC2A1624C4001A3C27 /* Arbuz_HMApp.swift in Sources */,
			);
			runOnlyForDeploymentPostprocessing = 0;
		};
		BF5A37E42A1624C7001A3C27 /* Sources */ = {
			isa = PBXSourcesBuildPhase;
			buildActionMask = 2147483647;
			files = (
				BF5A37ED2A1624C7001A3C27 /* Arbuz_HMTests.swift in Sources */,
			);
			runOnlyForDeploymentPostprocessing = 0;
		};
		BF5A37EE2A1624C7001A3C27 /* Sources */ = {
			isa = PBXSourcesBuildPhase;
			buildActionMask = 2147483647;
			files = (
				BF5A37F92A1624C7001A3C27 /* Arbuz_HMUITestsLaunchTests.swift in Sources */,
				BF5A37F72A1624C7001A3C27 /* Arbuz_HMUITests.swift in Sources */,
			);
			runOnlyForDeploymentPostprocessing = 0;
		};
/* End PBXSourcesBuildPhase section */

/* Begin PBXTargetDependency section */
		BF5A37EA2A1624C7001A3C27 /* PBXTargetDependency */ = {
			isa = PBXTargetDependency;
			target = BF5A37D72A1624C4001A3C27 /* Arbuz_HM */;
			targetProxy = BF5A37E92A1624C7001A3C27 /* PBXContainerItemProxy */;
		};
		BF5A37F42A1624C7001A3C27 /* PBXTargetDependency */ = {
			isa = PBXTargetDependency;
			target = BF5A37D72A1624C4001A3C27 /* Arbuz_HM */;
			targetProxy = BF5A37F32A1624C7001A3C27 /* PBXContainerItemProxy */;
		};
/* End PBXTargetDependency section */

/* Begin XCBuildConfiguration section */
		BF5A37FA2A1624C7001A3C27 /* Debug */ = {
			isa = XCBuildConfiguration;
			buildSettings = {
				ALWAYS_SEARCH_USER_PATHS = NO;
				CLANG_ANALYZER_NONNULL = YES;
				CLANG_ANALYZER_NUMBER_OBJECT_CONVERSION = YES_AGGRESSIVE;
				CLANG_CXX_LANGUAGE_STANDARD = "gnu++20";
				CLANG_ENABLE_MODULES = YES;
				CLANG_ENABLE_OBJC_ARC = YES;
				CLANG_ENABLE_OBJC_WEAK = YES;
				CLANG_WARN_BLOCK_CAPTURE_AUTORELEASING = YES;
				CLANG_WARN_BOOL_CONVERSION = YES;
				CLANG_WARN_COMMA = YES;
				CLANG_WARN_CONSTANT_CONVERSION = YES;
				CLANG_WARN_DEPRECATED_OBJC_IMPLEMENTATIONS = YES;
				CLANG_WARN_DIRECT_OBJC_ISA_USAGE = YES_ERROR;
				CLANG_WARN_DOCUMENTATION_COMMENTS = YES;
				CLANG_WARN_EMPTY_BODY = YES;
				CLANG_WARN_ENUM_CONVERSION = YES;
				CLANG_WARN_INFINITE_RECURSION = YES;
				CLANG_WARN_INT_CONVERSION = YES;
				CLANG_WARN_NON_LITERAL_NULL_CONVERSION = YES;
				CLANG_WARN_OBJC_IMPLICIT_RETAIN_SELF = YES;
				CLANG_WARN_OBJC_LITERAL_CONVERSION = YES;
				CLANG_WARN_OBJC_ROOT_CLASS = YES_ERROR;
				CLANG_WARN_QUOTED_INCLUDE_IN_FRAMEWORK_HEADER = YES;
				CLANG_WARN_RANGE_LOOP_ANALYSIS = YES;
				CLANG_WARN_STRICT_PROTOTYPES = YES;
				CLANG_WARN_SUSPICIOUS_MOVE = YES;
				CLANG_WARN_UNGUARDED_AVAILABILITY = YES_AGGRESSIVE;
				CLANG_WARN_UNREACHABLE_CODE = YES;
				CLANG_WARN__DUPLICATE_METHOD_MATCH = YES;
				COPY_PHASE_STRIP = NO;
				DEBUG_INFORMATION_FORMAT = dwarf;
				ENABLE_STRICT_OBJC_MSGSEND = YES;
				ENABLE_TESTABILITY = YES;
				GCC_C_LANGUAGE_STANDARD = gnu11;
				GCC_DYNAMIC_NO_PIC = NO;
				GCC_NO_COMMON_BLOCKS = YES;
				GCC_OPTIMIZATION_LEVEL = 0;
				GCC_PREPROCESSOR_DEFINITIONS = (
					"DEBUG=1",
					"$(inherited)",
				);
				GCC_WARN_64_TO_32_BIT_CONVERSION = YES;
				GCC_WARN_ABOUT_RETURN_TYPE = YES_ERROR;
				GCC_WARN_UNDECLARED_SELECTOR = YES;
				GCC_WARN_UNINITIALIZED_AUTOS = YES_AGGRESSIVE;
				GCC_WARN_UNUSED_FUNCTION = YES;
				GCC_WARN_UNUSED_VARIABLE = YES;
				IPHONEOS_DEPLOYMENT_TARGET = 16.2;
				MTL_ENABLE_DEBUG_INFO = INCLUDE_SOURCE;
				MTL_FAST_MATH = YES;
				ONLY_ACTIVE_ARCH = YES;
				SDKROOT = iphoneos;
				SWIFT_ACTIVE_COMPILATION_CONDITIONS = DEBUG;
				SWIFT_OPTIMIZATION_LEVEL = "-Onone";
			};
			name = Debug;
		};
		BF5A37FB2A1624C7001A3C27 /* Release */ = {
			isa = XCBuildConfiguration;
			buildSettings = {
				ALWAYS_SEARCH_USER_PATHS = NO;
				CLANG_ANALYZER_NONNULL = YES;
				CLANG_ANALYZER_NUMBER_OBJECT_CONVERSION = YES_AGGRESSIVE;
				CLANG_CXX_LANGUAGE_STANDARD = "gnu++20";
				CLANG_ENABLE_MODULES = YES;
				CLANG_ENABLE_OBJC_ARC = YES;
				CLANG_ENABLE_OBJC_WEAK = YES;
				CLANG_WARN_BLOCK_CAPTURE_AUTORELEASING = YES;
				CLANG_WARN_BOOL_CONVERSION = YES;
				CLANG_WARN_COMMA = YES;
				CLANG_WARN_CONSTANT_CONVERSION = YES;
				CLANG_WARN_DEPRECATED_OBJC_IMPLEMENTATIONS = YES;
				CLANG_WARN_DIRECT_OBJC_ISA_USAGE = YES_ERROR;
				CLANG_WARN_DOCUMENTATION_COMMENTS = YES;
				CLANG_WARN_EMPTY_BODY = YES;
				CLANG_WARN_ENUM_CONVERSION = YES;
				CLANG_WARN_INFINITE_RECURSION = YES;
				CLANG_WARN_INT_CONVERSION = YES;
				CLANG_WARN_NON_LITERAL_NULL_CONVERSION = YES;
				CLANG_WARN_OBJC_IMPLICIT_RETAIN_SELF = YES;
				CLANG_WARN_OBJC_LITERAL_CONVERSION = YES;
				CLANG_WARN_OBJC_ROOT_CLASS = YES_ERROR;
				CLANG_WARN_QUOTED_INCLUDE_IN_FRAMEWORK_HEADER = YES;
				CLANG_WARN_RANGE_LOOP_ANALYSIS = YES;
				CLANG_WARN_STRICT_PROTOTYPES = YES;
				CLANG_WARN_SUSPICIOUS_MOVE = YES;
				CLANG_WARN_UNGUARDED_AVAILABILITY = YES_AGGRESSIVE;
				CLANG_WARN_UNREACHABLE_CODE = YES;
				CLANG_WARN__DUPLICATE_METHOD_MATCH = YES;
				COPY_PHASE_STRIP = NO;
				DEBUG_INFORMATION_FORMAT = "dwarf-with-dsym";
				ENABLE_NS_ASSERTIONS = NO;
				ENABLE_STRICT_OBJC_MSGSEND = YES;
				GCC_C_LANGUAGE_STANDARD = gnu11;
				GCC_NO_COMMON_BLOCKS = YES;
				GCC_WARN_64_TO_32_BIT_CONVERSION = YES;
				GCC_WARN_ABOUT_RETURN_TYPE = YES_ERROR;
				GCC_WARN_UNDECLARED_SELECTOR = YES;
				GCC_WARN_UNINITIALIZED_AUTOS = YES_AGGRESSIVE;
				GCC_WARN_UNUSED_FUNCTION = YES;
				GCC_WARN_UNUSED_VARIABLE = YES;
				IPHONEOS_DEPLOYMENT_TARGET = 16.2;
				MTL_ENABLE_DEBUG_INFO = NO;
				MTL_FAST_MATH = YES;
				SDKROOT = iphoneos;
				SWIFT_COMPILATION_MODE = wholemodule;
				SWIFT_OPTIMIZATION_LEVEL = "-O";
				VALIDATE_PRODUCT = YES;
			};
			name = Release;
		};
		BF5A37FD2A1624C7001A3C27 /* Debug */ = {
			isa = XCBuildConfiguration;
			buildSettings = {
				ASSETCATALOG_COMPILER_APPICON_NAME = AppIcon;
				ASSETCATALOG_COMPILER_GLOBAL_ACCENT_COLOR_NAME = AccentColor;
				CODE_SIGN_STYLE = Automatic;
				CURRENT_PROJECT_VERSION = 1;
				DEVELOPMENT_ASSET_PATHS = "\"Arbuz_HM/Preview Content\"";
				DEVELOPMENT_TEAM = YG6M4RNT84;
				ENABLE_PREVIEWS = YES;
				GENERATE_INFOPLIST_FILE = YES;
				INFOPLIST_KEY_UIApplicationSceneManifest_Generation = YES;
				INFOPLIST_KEY_UIApplicationSupportsIndirectInputEvents = YES;
				INFOPLIST_KEY_UILaunchScreen_Generation = YES;
				INFOPLIST_KEY_UISupportedInterfaceOrientations_iPad = "UIInterfaceOrientationPortrait UIInterfaceOrientationPortraitUpsideDown UIInterfaceOrientationLandscapeLeft UIInterfaceOrientationLandscapeRight";
				INFOPLIST_KEY_UISupportedInterfaceOrientations_iPhone = "UIInterfaceOrientationPortrait UIInterfaceOrientationLandscapeLeft UIInterfaceOrientationLandscapeRight";
				LD_RUNPATH_SEARCH_PATHS = (
					"$(inherited)",
					"@executable_path/Frameworks",
				);
				MARKETING_VERSION = 1.0;
				PRODUCT_BUNDLE_IDENTIFIER = "tule-project.Arbuz-HM";
				PRODUCT_NAME = "$(TARGET_NAME)";
				SWIFT_EMIT_LOC_STRINGS = YES;
				SWIFT_VERSION = 5.0;
				TARGETED_DEVICE_FAMILY = "1,2";
			};
			name = Debug;
		};
		BF5A37FE2A1624C7001A3C27 /* Release */ = {
			isa = XCBuildConfiguration;
			buildSettings = {
				ASSETCATALOG_COMPILER_APPICON_NAME = AppIcon;
				ASSETCATALOG_COMPILER_GLOBAL_ACCENT_COLOR_NAME = AccentColor;
				CODE_SIGN_STYLE = Automatic;
				CURRENT_PROJECT_VERSION = 1;
				DEVELOPMENT_ASSET_PATHS = "\"Arbuz_HM/Preview Content\"";
				DEVELOPMENT_TEAM = YG6M4RNT84;
				ENABLE_PREVIEWS = YES;
				GENERATE_INFOPLIST_FILE = YES;
				INFOPLIST_KEY_UIApplicationSceneManifest_Generation = YES;
				INFOPLIST_KEY_UIApplicationSupportsIndirectInputEvents = YES;
				INFOPLIST_KEY_UILaunchScreen_Generation = YES;
				INFOPLIST_KEY_UISupportedInterfaceOrientations_iPad = "UIInterfaceOrientationPortrait UIInterfaceOrientationPortraitUpsideDown UIInterfaceOrientationLandscapeLeft UIInterfaceOrientationLandscapeRight";
				INFOPLIST_KEY_UISupportedInterfaceOrientations_iPhone = "UIInterfaceOrientationPortrait UIInterfaceOrientationLandscapeLeft UIInterfaceOrientationLandscapeRight";
				LD_RUNPATH_SEARCH_PATHS = (
					"$(inherited)",
					"@executable_path/Frameworks",
				);
				MARKETING_VERSION = 1.0;
				PRODUCT_BUNDLE_IDENTIFIER = "tule-project.Arbuz-HM";
				PRODUCT_NAME = "$(TARGET_NAME)";
				SWIFT_EMIT_LOC_STRINGS = YES;
				SWIFT_VERSION = 5.0;
				TARGETED_DEVICE_FAMILY = "1,2";
			};
			name = Release;
		};
		BF5A38002A1624C7001A3C27 /* Debug */ = {
			isa = XCBuildConfiguration;
			buildSettings = {
				ALWAYS_EMBED_SWIFT_STANDARD_LIBRARIES = YES;
				BUNDLE_LOADER = "$(TEST_HOST)";
				CODE_SIGN_STYLE = Automatic;
				CURRENT_PROJECT_VERSION = 1;
				DEVELOPMENT_TEAM = YG6M4RNT84;
				GENERATE_INFOPLIST_FILE = YES;
				IPHONEOS_DEPLOYMENT_TARGET = 16.2;
				MARKETING_VERSION = 1.0;
				PRODUCT_BUNDLE_IDENTIFIER = "tule-project.Arbuz-HMTests";
				PRODUCT_NAME = "$(TARGET_NAME)";
				SWIFT_EMIT_LOC_STRINGS = NO;
				SWIFT_VERSION = 5.0;
				TARGETED_DEVICE_FAMILY = "1,2";
				TEST_HOST = "$(BUILT_PRODUCTS_DIR)/Arbuz_HM.app/$(BUNDLE_EXECUTABLE_FOLDER_PATH)/Arbuz_HM";
			};
			name = Debug;
		};
		BF5A38012A1624C7001A3C27 /* Release */ = {
			isa = XCBuildConfiguration;
			buildSettings = {
				ALWAYS_EMBED_SWIFT_STANDARD_LIBRARIES = YES;
				BUNDLE_LOADER = "$(TEST_HOST)";
				CODE_SIGN_STYLE = Automatic;
				CURRENT_PROJECT_VERSION = 1;
				DEVELOPMENT_TEAM = YG6M4RNT84;
				GENERATE_INFOPLIST_FILE = YES;
				IPHONEOS_DEPLOYMENT_TARGET = 16.2;
				MARKETING_VERSION = 1.0;
				PRODUCT_BUNDLE_IDENTIFIER = "tule-project.Arbuz-HMTests";
				PRODUCT_NAME = "$(TARGET_NAME)";
				SWIFT_EMIT_LOC_STRINGS = NO;
				SWIFT_VERSION = 5.0;
				TARGETED_DEVICE_FAMILY = "1,2";
				TEST_HOST = "$(BUILT_PRODUCTS_DIR)/Arbuz_HM.app/$(BUNDLE_EXECUTABLE_FOLDER_PATH)/Arbuz_HM";
			};
			name = Release;
		};
		BF5A38032A1624C7001A3C27 /* Debug */ = {
			isa = XCBuildConfiguration;
			buildSettings = {
				ALWAYS_EMBED_SWIFT_STANDARD_LIBRARIES = YES;
				CODE_SIGN_STYLE = Automatic;
				CURRENT_PROJECT_VERSION = 1;
				DEVELOPMENT_TEAM = YG6M4RNT84;
				GENERATE_INFOPLIST_FILE = YES;
				MARKETING_VERSION = 1.0;
				PRODUCT_BUNDLE_IDENTIFIER = "tule-project.Arbuz-HMUITests";
				PRODUCT_NAME = "$(TARGET_NAME)";
				SWIFT_EMIT_LOC_STRINGS = NO;
				SWIFT_VERSION = 5.0;
				TARGETED_DEVICE_FAMILY = "1,2";
				TEST_TARGET_NAME = Arbuz_HM;
			};
			name = Debug;
		};
		BF5A38042A1624C7001A3C27 /* Release */ = {
			isa = XCBuildConfiguration;
			buildSettings = {
				ALWAYS_EMBED_SWIFT_STANDARD_LIBRARIES = YES;
				CODE_SIGN_STYLE = Automatic;
				CURRENT_PROJECT_VERSION = 1;
				DEVELOPMENT_TEAM = YG6M4RNT84;
				GENERATE_INFOPLIST_FILE = YES;
				MARKETING_VERSION = 1.0;
				PRODUCT_BUNDLE_IDENTIFIER = "tule-project.Arbuz-HMUITests";
				PRODUCT_NAME = "$(TARGET_NAME)";
				SWIFT_EMIT_LOC_STRINGS = NO;
				SWIFT_VERSION = 5.0;
				TARGETED_DEVICE_FAMILY = "1,2";
				TEST_TARGET_NAME = Arbuz_HM;
			};
			name = Release;
		};
/* End XCBuildConfiguration section */

/* Begin XCConfigurationList section */
		BF5A37D32A1624C4001A3C27 /* Build configuration list for PBXProject "Arbuz_HM" */ = {
			isa = XCConfigurationList;
			buildConfigurations = (
				BF5A37FA2A1624C7001A3C27 /* Debug */,
				BF5A37FB2A1624C7001A3C27 /* Release */,
			);
			defaultConfigurationIsVisible = 0;
			defaultConfigurationName = Release;
		};
		BF5A37FC2A1624C7001A3C27 /* Build configuration list for PBXNativeTarget "Arbuz_HM" */ = {
			isa = XCConfigurationList;
			buildConfigurations = (
				BF5A37FD2A1624C7001A3C27 /* Debug */,
				BF5A37FE2A1624C7001A3C27 /* Release */,
			);
			defaultConfigurationIsVisible = 0;
			defaultConfigurationName = Release;
		};
		BF5A37FF2A1624C7001A3C27 /* Build configuration list for PBXNativeTarget "Arbuz_HMTests" */ = {
			isa = XCConfigurationList;
			buildConfigurations = (
				BF5A38002A1624C7001A3C27 /* Debug */,
				BF5A38012A1624C7001A3C27 /* Release */,
			);
			defaultConfigurationIsVisible = 0;
			defaultConfigurationName = Release;
		};
		BF5A38022A1624C7001A3C27 /* Build configuration list for PBXNativeTarget "Arbuz_HMUITests" */ = {
			isa = XCConfigurationList;
			buildConfigurations = (
				BF5A38032A1624C7001A3C27 /* Debug */,
				BF5A38042A1624C7001A3C27 /* Release */,
			);
			defaultConfigurationIsVisible = 0;
			defaultConfigurationName = Release;
		};
/* End XCConfigurationList section */
	};
	rootObject = BF5A37D02A1624C4001A3C27 /* Project object */;
}
